
Microsoft Visual Studio Solution File, Format Version 12.00
# Visual Studio Version 17
VisualStudioVersion = 17.5.002.0
MinimumVisualStudioVersion = 10.0.40219.1
Project("{2150E333-8FDC-42A3-9474-1A3956D46DE8}") = "C#-Basic", "C#-Basic", "{06A59CC5-6AEF-4C51-AE17-6D30BADFE320}"
EndProject
Project("{9A19103F-16F7-4668-BE54-9A1E7A4F7556}") = "MainClass", "C#-Basic\MainClass\MainClass.csproj", "{6F5BAE0A-67A3-420A-8988-0B4BA7AA6226}"
EndProject
Project("{9A19103F-16F7-4668-BE54-9A1E7A4F7556}") = "ConsoleApp1", "C#-Basic\ConsoleApp1\ConsoleApp1.csproj", "{A5A660C2-6BB2-40D2-8DA0-1E7BCA5B4920}"
EndProject
Global
	GlobalSection(SolutionConfigurationPlatforms) = preSolution
		Debug|Any CPU = Debug|Any CPU
		Release|Any CPU = Release|Any CPU
	EndGlobalSection
	GlobalSection(ProjectConfigurationPlatforms) = postSolution
		{6F5BAE0A-67A3-420A-8988-0B4BA7AA6226}.Debug|Any CPU.ActiveCfg = Debug|Any CPU
		{6F5BAE0A-67A3-420A-8988-0B4BA7AA6226}.Debug|Any CPU.Build.0 = Debug|Any CPU
		{6F5BAE0A-67A3-420A-8988-0B4BA7AA6226}.Release|Any CPU.ActiveCfg = Release|Any CPU
		{6F5BAE0A-67A3-420A-8988-0B4BA7AA6226}.Release|Any CPU.Build.0 = Release|Any CPU
		{A5A660C2-6BB2-40D2-8DA0-1E7BCA5B4920}.Debug|Any CPU.ActiveCfg = Debug|Any CPU
		{A5A660C2-6BB2-40D2-8DA0-1E7BCA5B4920}.Debug|Any CPU.Build.0 = Debug|Any CPU
		{A5A660C2-6BB2-40D2-8DA0-1E7BCA5B4920}.Release|Any CPU.ActiveCfg = Release|Any CPU
		{A5A660C2-6BB2-40D2-8DA0-1E7BCA5B4920}.Release|Any CPU.Build.0 = Release|Any CPU
	EndGlobalSection
	GlobalSection(SolutionProperties) = preSolution
		HideSolutionNode = FALSE
	EndGlobalSection
	GlobalSection(NestedProjects) = preSolution
		{6F5BAE0A-67A3-420A-8988-0B4BA7AA6226} = {06A59CC5-6AEF-4C51-AE17-6D30BADFE320}
		{A5A660C2-6BB2-40D2-8DA0-1E7BCA5B4920} = {06A59CC5-6AEF-4C51-AE17-6D30BADFE320}
	EndGlobalSection
	GlobalSection(ExtensibilityGlobals) = postSolution
		SolutionGuid = {80292C2B-5272-496B-8B4D-61B4F9F11B9E}
	EndGlobalSection
EndGlobal
